
Microsoft Visual Studio Solution File, Format Version 12.00
# Visual Studio Version 16
VisualStudioVersion = 16.0.34031.81
MinimumVisualStudioVersion = 10.0.40219.1
Project("{FAE04EC0-301F-11D3-BF4B-00C04F79EFBC}") = "ImageViewer", "ImageViewer\ImageViewer.csproj", "{5700CD55-BCCA-4D0C-8038-EFCB1B70D45A}"
EndProject
Project("{FAE04EC0-301F-11D3-BF4B-00C04F79EFBC}") = "VideoPlayer", "VideoPlayer\VideoPlayer.csproj", "{3334DADE-BFFB-4768-AFDF-DE6D70C6129B}"
EndProject
Project("{FAE04EC0-301F-11D3-BF4B-00C04F79EFBC}") = "Client", "Server\Client.csproj", "{AA29A393-537E-44A6-98A3-3EB8C5A30A0A}"
EndProject
Global
	GlobalSection(SolutionConfigurationPlatforms) = preSolution
		Debug|Any CPU = Debug|Any CPU
		Debug|x64 = Debug|x64
		Release|Any CPU = Release|Any CPU
		Release|x64 = Release|x64
	EndGlobalSection
	GlobalSection(ProjectConfigurationPlatforms) = postSolution
		{5700CD55-BCCA-4D0C-8038-EFCB1B70D45A}.Debug|Any CPU.ActiveCfg = Debug|Any CPU
		{5700CD55-BCCA-4D0C-8038-EFCB1B70D45A}.Debug|Any CPU.Build.0 = Debug|Any CPU
		{5700CD55-BCCA-4D0C-8038-EFCB1B70D45A}.Debug|x64.ActiveCfg = Debug|Any CPU
		{5700CD55-BCCA-4D0C-8038-EFCB1B70D45A}.Debug|x64.Build.0 = Debug|Any CPU
		{5700CD55-BCCA-4D0C-8038-EFCB1B70D45A}.Release|Any CPU.ActiveCfg = Release|Any CPU
		{5700CD55-BCCA-4D0C-8038-EFCB1B70D45A}.Release|Any CPU.Build.0 = Release|Any CPU
		{5700CD55-BCCA-4D0C-8038-EFCB1B70D45A}.Release|x64.ActiveCfg = Release|Any CPU
		{5700CD55-BCCA-4D0C-8038-EFCB1B70D45A}.Release|x64.Build.0 = Release|Any CPU
		{3334DADE-BFFB-4768-AFDF-DE6D70C6129B}.Debug|Any CPU.ActiveCfg = Debug|Any CPU
		{3334DADE-BFFB-4768-AFDF-DE6D70C6129B}.Debug|Any CPU.Build.0 = Debug|Any CPU
		{3334DADE-BFFB-4768-AFDF-DE6D70C6129B}.Debug|x64.ActiveCfg = Debug|x64
		{3334DADE-BFFB-4768-AFDF-DE6D70C6129B}.Debug|x64.Build.0 = Debug|x64
		{3334DADE-BFFB-4768-AFDF-DE6D70C6129B}.Release|Any CPU.ActiveCfg = Release|Any CPU
		{3334DADE-BFFB-4768-AFDF-DE6D70C6129B}.Release|Any CPU.Build.0 = Release|Any CPU
		{3334DADE-BFFB-4768-AFDF-DE6D70C6129B}.Release|x64.ActiveCfg = Release|x64
		{3334DADE-BFFB-4768-AFDF-DE6D70C6129B}.Release|x64.Build.0 = Release|x64
		{AA29A393-537E-44A6-98A3-3EB8C5A30A0A}.Debug|Any CPU.ActiveCfg = Debug|Any CPU
		{AA29A393-537E-44A6-98A3-3EB8C5A30A0A}.Debug|Any CPU.Build.0 = Debug|Any CPU
		{AA29A393-537E-44A6-98A3-3EB8C5A30A0A}.Debug|x64.ActiveCfg = Debug|Any CPU
		{AA29A393-537E-44A6-98A3-3EB8C5A30A0A}.Debug|x64.Build.0 = Debug|Any CPU
		{AA29A393-537E-44A6-98A3-3EB8C5A30A0A}.Release|Any CPU.ActiveCfg = Release|Any CPU
		{AA29A393-537E-44A6-98A3-3EB8C5A30A0A}.Release|Any CPU.Build.0 = Release|Any CPU
		{AA29A393-537E-44A6-98A3-3EB8C5A30A0A}.Release|x64.ActiveCfg = Release|Any CPU
		{AA29A393-537E-44A6-98A3-3EB8C5A30A0A}.Release|x64.Build.0 = Release|Any CPU
	EndGlobalSection
	GlobalSection(SolutionProperties) = preSolution
		HideSolutionNode = FALSE
	EndGlobalSection
	GlobalSection(ExtensibilityGlobals) = postSolution
		SolutionGuid = {D53C2BD9-8407-4D06-8667-AE60853656D1}
	EndGlobalSection
EndGlobal
